// !$*UTF8*$!
{
	archiveVersion = 1;
	classes = {
	};
	objectVersion = 50;
	objects = {

/* Begin PBXBuildFile section */
		932C57DE252FF34700FAAFB6 /* AppDelegate.swift in Sources */ = {isa = PBXBuildFile; fileRef = 932C57DD252FF34700FAAFB6 /* AppDelegate.swift */; };
		932C57E0252FF34700FAAFB6 /* SceneDelegate.swift in Sources */ = {isa = PBXBuildFile; fileRef = 932C57DF252FF34700FAAFB6 /* SceneDelegate.swift */; };
		932C57E2252FF34700FAAFB6 /* ViewController.swift in Sources */ = {isa = PBXBuildFile; fileRef = 932C57E1252FF34700FAAFB6 /* ViewController.swift */; };
		932C57E5252FF34700FAAFB6 /* Main.storyboard in Resources */ = {isa = PBXBuildFile; fileRef = 932C57E3252FF34700FAAFB6 /* Main.storyboard */; };
		932C57E7252FF34900FAAFB6 /* Assets.xcassets in Resources */ = {isa = PBXBuildFile; fileRef = 932C57E6252FF34900FAAFB6 /* Assets.xcassets */; };
		932C57EA252FF34900FAAFB6 /* LaunchScreen.storyboard in Resources */ = {isa = PBXBuildFile; fileRef = 932C57E8252FF34900FAAFB6 /* LaunchScreen.storyboard */; };
		932C57F5252FF34A00FAAFB6 /* twitterTests.swift in Sources */ = {isa = PBXBuildFile; fileRef = 932C57F4252FF34A00FAAFB6 /* twitterTests.swift */; };
		932C5800252FF34A00FAAFB6 /* twitterUITests.swift in Sources */ = {isa = PBXBuildFile; fileRef = 932C57FF252FF34A00FAAFB6 /* twitterUITests.swift */; };
/* End PBXBuildFile section */

/* Begin PBXContainerItemProxy section */
		932C57F1252FF34A00FAAFB6 /* PBXContainerItemProxy */ = {
			isa = PBXContainerItemProxy;
			containerPortal = 932C57D2252FF34700FAAFB6 /* Project object */;
			proxyType = 1;
			remoteGlobalIDString = 932C57D9252FF34700FAAFB6;
			remoteInfo = twitter;
		};
		932C57FC252FF34A00FAAFB6 /* PBXContainerItemProxy */ = {
			isa = PBXContainerItemProxy;
			containerPortal = 932C57D2252FF34700FAAFB6 /* Project object */;
			proxyType = 1;
			remoteGlobalIDString = 932C57D9252FF34700FAAFB6;
			remoteInfo = twitter;
		};
/* End PBXContainerItemProxy section */

/* Begin PBXFileReference section */
		932C57DA252FF34700FAAFB6 /* twitter.app */ = {isa = PBXFileReference; explicitFileType = wrapper.application; includeInIndex = 0; path = twitter.app; sourceTree = BUILT_PRODUCTS_DIR; };
		932C57DD252FF34700FAAFB6 /* AppDelegate.swift */ = {isa = PBXFileReference; lastKnownFileType = sourcecode.swift; path = AppDelegate.swift; sourceTree = "<group>"; };
		932C57DF252FF34700FAAFB6 /* SceneDelegate.swift */ = {isa = PBXFileReference; lastKnownFileType = sourcecode.swift; path = SceneDelegate.swift; sourceTree = "<group>"; };
		932C57E1252FF34700FAAFB6 /* ViewController.swift */ = {isa = PBXFileReference; lastKnownFileType = sourcecode.swift; path = ViewController.swift; sourceTree = "<group>"; };
		932C57E4252FF34700FAAFB6 /* Base */ = {isa = PBXFileReference; lastKnownFileType = file.storyboard; name = Base; path = Base.lproj/Main.storyboard; sourceTree = "<group>"; };
		932C57E6252FF34900FAAFB6 /* Assets.xcassets */ = {isa = PBXFileReference; lastKnownFileType = folder.assetcatalog; path = Assets.xcassets; sourceTree = "<group>"; };
		932C57E9252FF34900FAAFB6 /* Base */ = {isa = PBXFileReference; lastKnownFileType = file.storyboard; name = Base; path = Base.lproj/LaunchScreen.storyboard; sourceTree = "<group>"; };
		932C57EB252FF34900FAAFB6 /* Info.plist */ = {isa = PBXFileReference; lastKnownFileType = text.plist.xml; path = Info.plist; sourceTree = "<group>"; };
		932C57F0252FF34A00FAAFB6 /* twitterTests.xctest */ = {isa = PBXFileReference; explicitFileType = wrapper.cfbundle; includeInIndex = 0; path = twitterTests.xctest; sourceTree = BUILT_PRODUCTS_DIR; };
		932C57F4252FF34A00FAAFB6 /* twitterTests.swift */ = {isa = PBXFileReference; lastKnownFileType = sourcecode.swift; path = twitterTests.swift; sourceTree = "<group>"; };
		932C57F6252FF34A00FAAFB6 /* Info.plist */ = {isa = PBXFileReference; lastKnownFileType = text.plist.xml; path = Info.plist; sourceTree = "<group>"; };
		932C57FB252FF34A00FAAFB6 /* twitterUITests.xctest */ = {isa = PBXFileReference; explicitFileType = wrapper.cfbundle; includeInIndex = 0; path = twitterUITests.xctest; sourceTree = BUILT_PRODUCTS_DIR; };
		932C57FF252FF34A00FAAFB6 /* twitterUITests.swift */ = {isa = PBXFileReference; lastKnownFileType = sourcecode.swift; path = twitterUITests.swift; sourceTree = "<group>"; };
		932C5801252FF34A00FAAFB6 /* Info.plist */ = {isa = PBXFileReference; lastKnownFileType = text.plist.xml; path = Info.plist; sourceTree = "<group>"; };
/* End PBXFileReference section */

/* Begin PBXFrameworksBuildPhase section */
		932C57D7252FF34700FAAFB6 /* Frameworks */ = {
			isa = PBXFrameworksBuildPhase;
			buildActionMask = 2147483647;
			files = (
			);
			runOnlyForDeploymentPostprocessing = 0;
		};
		932C57ED252FF34A00FAAFB6 /* Frameworks */ = {
			isa = PBXFrameworksBuildPhase;
			buildActionMask = 2147483647;
			files = (
			);
			runOnlyForDeploymentPostprocessing = 0;
		};
		932C57F8252FF34A00FAAFB6 /* Frameworks */ = {
			isa = PBXFrameworksBuildPhase;
			buildActionMask = 2147483647;
			files = (
			);
			runOnlyForDeploymentPostprocessing = 0;
		};
/* End PBXFrameworksBuildPhase section */

/* Begin PBXGroup section */
		932C57D1252FF34700FAAFB6 = {
			isa = PBXGroup;
			children = (
				932C57DC252FF34700FAAFB6 /* twitter */,
				932C57F3252FF34A00FAAFB6 /* twitterTests */,
				932C57FE252FF34A00FAAFB6 /* twitterUITests */,
				932C57DB252FF34700FAAFB6 /* Products */,
			);
			sourceTree = "<group>";
		};
		932C57DB252FF34700FAAFB6 /* Products */ = {
			isa = PBXGroup;
			children = (
				932C57DA252FF34700FAAFB6 /* twitter.app */,
				932C57F0252FF34A00FAAFB6 /* twitterTests.xctest */,
				932C57FB252FF34A00FAAFB6 /* twitterUITests.xctest */,
			);
			name = Products;
			sourceTree = "<group>";
		};
		932C57DC252FF34700FAAFB6 /* twitter */ = {
			isa = PBXGroup;
			children = (
				932C57DD252FF34700FAAFB6 /* AppDelegate.swift */,
				932C57DF252FF34700FAAFB6 /* SceneDelegate.swift */,
				932C57E1252FF34700FAAFB6 /* ViewController.swift */,
				932C57E3252FF34700FAAFB6 /* Main.storyboard */,
				932C57E6252FF34900FAAFB6 /* Assets.xcassets */,
				932C57E8252FF34900FAAFB6 /* LaunchScreen.storyboard */,
				932C57EB252FF34900FAAFB6 /* Info.plist */,
			);
			path = twitter;
			sourceTree = "<group>";
		};
		932C57F3252FF34A00FAAFB6 /* twitterTests */ = {
			isa = PBXGroup;
			children = (
				932C57F4252FF34A00FAAFB6 /* twitterTests.swift */,
				932C57F6252FF34A00FAAFB6 /* Info.plist */,
			);
			path = twitterTests;
			sourceTree = "<group>";
		};
		932C57FE252FF34A00FAAFB6 /* twitterUITests */ = {
			isa = PBXGroup;
			children = (
				932C57FF252FF34A00FAAFB6 /* twitterUITests.swift */,
				932C5801252FF34A00FAAFB6 /* Info.plist */,
			);
			path = twitterUITests;
			sourceTree = "<group>";
		};
/* End PBXGroup section */

/* Begin PBXNativeTarget section */
		932C57D9252FF34700FAAFB6 /* twitter */ = {
			isa = PBXNativeTarget;
			buildConfigurationList = 932C5804252FF34A00FAAFB6 /* Build configuration list for PBXNativeTarget "twitter" */;
			buildPhases = (
				932C57D6252FF34700FAAFB6 /* Sources */,
				932C57D7252FF34700FAAFB6 /* Frameworks */,
				932C57D8252FF34700FAAFB6 /* Resources */,
			);
			buildRules = (
			);
			dependencies = (
			);
			name = twitter;
			productName = twitter;
			productReference = 932C57DA252FF34700FAAFB6 /* twitter.app */;
			productType = "com.apple.product-type.application";
		};
		932C57EF252FF34A00FAAFB6 /* twitterTests */ = {
			isa = PBXNativeTarget;
			buildConfigurationList = 932C5807252FF34A00FAAFB6 /* Build configuration list for PBXNativeTarget "twitterTests" */;
			buildPhases = (
				932C57EC252FF34A00FAAFB6 /* Sources */,
				932C57ED252FF34A00FAAFB6 /* Frameworks */,
				932C57EE252FF34A00FAAFB6 /* Resources */,
			);
			buildRules = (
			);
			dependencies = (
				932C57F2252FF34A00FAAFB6 /* PBXTargetDependency */,
			);
			name = twitterTests;
			productName = twitterTests;
			productReference = 932C57F0252FF34A00FAAFB6 /* twitterTests.xctest */;
			productType = "com.apple.product-type.bundle.unit-test";
		};
		932C57FA252FF34A00FAAFB6 /* twitterUITests */ = {
			isa = PBXNativeTarget;
			buildConfigurationList = 932C580A252FF34A00FAAFB6 /* Build configuration list for PBXNativeTarget "twitterUITests" */;
			buildPhases = (
				932C57F7252FF34A00FAAFB6 /* Sources */,
				932C57F8252FF34A00FAAFB6 /* Frameworks */,
				932C57F9252FF34A00FAAFB6 /* Resources */,
			);
			buildRules = (
			);
			dependencies = (
				932C57FD252FF34A00FAAFB6 /* PBXTargetDependency */,
			);
			name = twitterUITests;
			productName = twitterUITests;
			productReference = 932C57FB252FF34A00FAAFB6 /* twitterUITests.xctest */;
			productType = "com.apple.product-type.bundle.ui-testing";
		};
/* End PBXNativeTarget section */

/* Begin PBXProject section */
		932C57D2252FF34700FAAFB6 /* Project object */ = {
			isa = PBXProject;
			attributes = {
				LastSwiftUpdateCheck = 1200;
				LastUpgradeCheck = 1200;
				TargetAttributes = {
					932C57D9252FF34700FAAFB6 = {
						CreatedOnToolsVersion = 12.0.1;
					};
					932C57EF252FF34A00FAAFB6 = {
						CreatedOnToolsVersion = 12.0.1;
						TestTargetID = 932C57D9252FF34700FAAFB6;
					};
					932C57FA252FF34A00FAAFB6 = {
						CreatedOnToolsVersion = 12.0.1;
						TestTargetID = 932C57D9252FF34700FAAFB6;
					};
				};
			};
			buildConfigurationList = 932C57D5252FF34700FAAFB6 /* Build configuration list for PBXProject "twitter" */;
			compatibilityVersion = "Xcode 9.3";
			developmentRegion = en;
			hasScannedForEncodings = 0;
			knownRegions = (
				en,
				Base,
			);
			mainGroup = 932C57D1252FF34700FAAFB6;
			productRefGroup = 932C57DB252FF34700FAAFB6 /* Products */;
			projectDirPath = "";
			projectRoot = "";
			targets = (
				932C57D9252FF34700FAAFB6 /* twitter */,
				932C57EF252FF34A00FAAFB6 /* twitterTests */,
				932C57FA252FF34A00FAAFB6 /* twitterUITests */,
			);
		};
/* End PBXProject section */

/* Begin PBXResourcesBuildPhase section */
		932C57D8252FF34700FAAFB6 /* Resources */ = {
			isa = PBXResourcesBuildPhase;
			buildActionMask = 2147483647;
			files = (
				932C57EA252FF34900FAAFB6 /* LaunchScreen.storyboard in Resources */,
				932C57E7252FF34900FAAFB6 /* Assets.xcassets in Resources */,
				932C57E5252FF34700FAAFB6 /* Main.storyboard in Resources */,
			);
			runOnlyForDeploymentPostprocessing = 0;
		};
		932C57EE252FF34A00FAAFB6 /* Resources */ = {
			isa = PBXResourcesBuildPhase;
			buildActionMask = 2147483647;
			files = (
			);
			runOnlyForDeploymentPostprocessing = 0;
		};
		932C57F9252FF34A00FAAFB6 /* Resources */ = {
			isa = PBXResourcesBuildPhase;
			buildActionMask = 2147483647;
			files = (
			);
			runOnlyForDeploymentPostprocessing = 0;
		};
/* End PBXResourcesBuildPhase section */

/* Begin PBXSourcesBuildPhase section */
		932C57D6252FF34700FAAFB6 /* Sources */ = {
			isa = PBXSourcesBuildPhase;
			buildActionMask = 2147483647;
			files = (
				932C57E2252FF34700FAAFB6 /* ViewController.swift in Sources */,
				932C57DE252FF34700FAAFB6 /* AppDelegate.swift in Sources */,
				932C57E0252FF34700FAAFB6 /* SceneDelegate.swift in Sources */,
			);
			runOnlyForDeploymentPostprocessing = 0;
		};
		932C57EC252FF34A00FAAFB6 /* Sources */ = {
			isa = PBXSourcesBuildPhase;
			buildActionMask = 2147483647;
			files = (
				932C57F5252FF34A00FAAFB6 /* twitterTests.swift in Sources */,
			);
			runOnlyForDeploymentPostprocessing = 0;
		};
		932C57F7252FF34A00FAAFB6 /* Sources */ = {
			isa = PBXSourcesBuildPhase;
			buildActionMask = 2147483647;
			files = (
				932C5800252FF34A00FAAFB6 /* twitterUITests.swift in Sources */,
			);
			runOnlyForDeploymentPostprocessing = 0;
		};
/* End PBXSourcesBuildPhase section */

/* Begin PBXTargetDependency section */
		932C57F2252FF34A00FAAFB6 /* PBXTargetDependency */ = {
			isa = PBXTargetDependency;
			target = 932C57D9252FF34700FAAFB6 /* twitter */;
			targetProxy = 932C57F1252FF34A00FAAFB6 /* PBXContainerItemProxy */;
		};
		932C57FD252FF34A00FAAFB6 /* PBXTargetDependency */ = {
			isa = PBXTargetDependency;
			target = 932C57D9252FF34700FAAFB6 /* twitter */;
			targetProxy = 932C57FC252FF34A00FAAFB6 /* PBXContainerItemProxy */;
		};
/* End PBXTargetDependency section */

/* Begin PBXVariantGroup section */
		932C57E3252FF34700FAAFB6 /* Main.storyboard */ = {
			isa = PBXVariantGroup;
			children = (
				932C57E4252FF34700FAAFB6 /* Base */,
			);
			name = Main.storyboard;
			sourceTree = "<group>";
		};
		932C57E8252FF34900FAAFB6 /* LaunchScreen.storyboard */ = {
			isa = PBXVariantGroup;
			children = (
				932C57E9252FF34900FAAFB6 /* Base */,
			);
			name = LaunchScreen.storyboard;
			sourceTree = "<group>";
		};
/* End PBXVariantGroup section */

/* Begin XCBuildConfiguration section */
		932C5802252FF34A00FAAFB6 /* Debug */ = {
			isa = XCBuildConfiguration;
			buildSettings = {
				ALWAYS_SEARCH_USER_PATHS = NO;
				CLANG_ANALYZER_NONNULL = YES;
				CLANG_ANALYZER_NUMBER_OBJECT_CONVERSION = YES_AGGRESSIVE;
				CLANG_CXX_LANGUAGE_STANDARD = "gnu++14";
				CLANG_CXX_LIBRARY = "libc++";
				CLANG_ENABLE_MODULES = YES;
				CLANG_ENABLE_OBJC_ARC = YES;
				CLANG_ENABLE_OBJC_WEAK = YES;
				CLANG_WARN_BLOCK_CAPTURE_AUTORELEASING = YES;
				CLANG_WARN_BOOL_CONVERSION = YES;
				CLANG_WARN_COMMA = YES;
				CLANG_WARN_CONSTANT_CONVERSION = YES;
				CLANG_WARN_DEPRECATED_OBJC_IMPLEMENTATIONS = YES;
				CLANG_WARN_DIRECT_OBJC_ISA_USAGE = YES_ERROR;
				CLANG_WARN_DOCUMENTATION_COMMENTS = YES;
				CLANG_WARN_EMPTY_BODY = YES;
				CLANG_WARN_ENUM_CONVERSION = YES;
				CLANG_WARN_INFINITE_RECURSION = YES;
				CLANG_WARN_INT_CONVERSION = YES;
				CLANG_WARN_NON_LITERAL_NULL_CONVERSION = YES;
				CLANG_WARN_OBJC_IMPLICIT_RETAIN_SELF = YES;
				CLANG_WARN_OBJC_LITERAL_CONVERSION = YES;
				CLANG_WARN_OBJC_ROOT_CLASS = YES_ERROR;
				CLANG_WARN_QUOTED_INCLUDE_IN_FRAMEWORK_HEADER = YES;
				CLANG_WARN_RANGE_LOOP_ANALYSIS = YES;
				CLANG_WARN_STRICT_PROTOTYPES = YES;
				CLANG_WARN_SUSPICIOUS_MOVE = YES;
				CLANG_WARN_UNGUARDED_AVAILABILITY = YES_AGGRESSIVE;
				CLANG_WARN_UNREACHABLE_CODE = YES;
				CLANG_WARN__DUPLICATE_METHOD_MATCH = YES;
				COPY_PHASE_STRIP = NO;
				DEBUG_INFORMATION_FORMAT = dwarf;
				ENABLE_STRICT_OBJC_MSGSEND = YES;
				ENABLE_TESTABILITY = YES;
				GCC_C_LANGUAGE_STANDARD = gnu11;
				GCC_DYNAMIC_NO_PIC = NO;
				GCC_NO_COMMON_BLOCKS = YES;
				GCC_OPTIMIZATION_LEVEL = 0;
				GCC_PREPROCESSOR_DEFINITIONS = (
					"DEBUG=1",
					"$(inherited)",
				);
				GCC_WARN_64_TO_32_BIT_CONVERSION = YES;
				GCC_WARN_ABOUT_RETURN_TYPE = YES_ERROR;
				GCC_WARN_UNDECLARED_SELECTOR = YES;
				GCC_WARN_UNINITIALIZED_AUTOS = YES_AGGRESSIVE;
				GCC_WARN_UNUSED_FUNCTION = YES;
				GCC_WARN_UNUSED_VARIABLE = YES;
				IPHONEOS_DEPLOYMENT_TARGET = 14.0;
				MTL_ENABLE_DEBUG_INFO = INCLUDE_SOURCE;
				MTL_FAST_MATH = YES;
				ONLY_ACTIVE_ARCH = YES;
				SDKROOT = iphoneos;
				SWIFT_ACTIVE_COMPILATION_CONDITIONS = DEBUG;
				SWIFT_OPTIMIZATION_LEVEL = "-Onone";
			};
			name = Debug;
		};
		932C5803252FF34A00FAAFB6 /* Release */ = {
			isa = XCBuildConfiguration;
			buildSettings = {
				ALWAYS_SEARCH_USER_PATHS = NO;
				CLANG_ANALYZER_NONNULL = YES;
				CLANG_ANALYZER_NUMBER_OBJECT_CONVERSION = YES_AGGRESSIVE;
				CLANG_CXX_LANGUAGE_STANDARD = "gnu++14";
				CLANG_CXX_LIBRARY = "libc++";
				CLANG_ENABLE_MODULES = YES;
				CLANG_ENABLE_OBJC_ARC = YES;
				CLANG_ENABLE_OBJC_WEAK = YES;
				CLANG_WARN_BLOCK_CAPTURE_AUTORELEASING = YES;
				CLANG_WARN_BOOL_CONVERSION = YES;
				CLANG_WARN_COMMA = YES;
				CLANG_WARN_CONSTANT_CONVERSION = YES;
				CLANG_WARN_DEPRECATED_OBJC_IMPLEMENTATIONS = YES;
				CLANG_WARN_DIRECT_OBJC_ISA_USAGE = YES_ERROR;
				CLANG_WARN_DOCUMENTATION_COMMENTS = YES;
				CLANG_WARN_EMPTY_BODY = YES;
				CLANG_WARN_ENUM_CONVERSION = YES;
				CLANG_WARN_INFINITE_RECURSION = YES;
				CLANG_WARN_INT_CONVERSION = YES;
				CLANG_WARN_NON_LITERAL_NULL_CONVERSION = YES;
				CLANG_WARN_OBJC_IMPLICIT_RETAIN_SELF = YES;
				CLANG_WARN_OBJC_LITERAL_CONVERSION = YES;
				CLANG_WARN_OBJC_ROOT_CLASS = YES_ERROR;
				CLANG_WARN_QUOTED_INCLUDE_IN_FRAMEWORK_HEADER = YES;
				CLANG_WARN_RANGE_LOOP_ANALYSIS = YES;
				CLANG_WARN_STRICT_PROTOTYPES = YES;
				CLANG_WARN_SUSPICIOUS_MOVE = YES;
				CLANG_WARN_UNGUARDED_AVAILABILITY = YES_AGGRESSIVE;
				CLANG_WARN_UNREACHABLE_CODE = YES;
				CLANG_WARN__DUPLICATE_METHOD_MATCH = YES;
				COPY_PHASE_STRIP = NO;
				DEBUG_INFORMATION_FORMAT = "dwarf-with-dsym";
				ENABLE_NS_ASSERTIONS = NO;
				ENABLE_STRICT_OBJC_MSGSEND = YES;
				GCC_C_LANGUAGE_STANDARD = gnu11;
				GCC_NO_COMMON_BLOCKS = YES;
				GCC_WARN_64_TO_32_BIT_CONVERSION = YES;
				GCC_WARN_ABOUT_RETURN_TYPE = YES_ERROR;
				GCC_WARN_UNDECLARED_SELECTOR = YES;
				GCC_WARN_UNINITIALIZED_AUTOS = YES_AGGRESSIVE;
				GCC_WARN_UNUSED_FUNCTION = YES;
				GCC_WARN_UNUSED_VARIABLE = YES;
				IPHONEOS_DEPLOYMENT_TARGET = 14.0;
				MTL_ENABLE_DEBUG_INFO = NO;
				MTL_FAST_MATH = YES;
				SDKROOT = iphoneos;
				SWIFT_COMPILATION_MODE = wholemodule;
				SWIFT_OPTIMIZATION_LEVEL = "-O";
				VALIDATE_PRODUCT = YES;
			};
			name = Release;
		};
		932C5805252FF34A00FAAFB6 /* Debug */ = {
			isa = XCBuildConfiguration;
			buildSettings = {
				ASSETCATALOG_COMPILER_APPICON_NAME = AppIcon;
				ASSETCATALOG_COMPILER_GLOBAL_ACCENT_COLOR_NAME = AccentColor;
				CODE_SIGN_STYLE = Automatic;
				INFOPLIST_FILE = twitter/Info.plist;
				LD_RUNPATH_SEARCH_PATHS = (
					"$(inherited)",
					"@executable_path/Frameworks",
				);
				PRODUCT_BUNDLE_IDENTIFIER = Codepath.twitter;
				PRODUCT_NAME = "$(TARGET_NAME)";
				SWIFT_VERSION = 5.0;
				TARGETED_DEVICE_FAMILY = "1,2";
			};
			name = Debug;
		};
		932C5806252FF34A00FAAFB6 /* Release */ = {
			isa = XCBuildConfiguration;
			buildSettings = {
				ASSETCATALOG_COMPILER_APPICON_NAME = AppIcon;
				ASSETCATALOG_COMPILER_GLOBAL_ACCENT_COLOR_NAME = AccentColor;
				CODE_SIGN_STYLE = Automatic;
				INFOPLIST_FILE = twitter/Info.plist;
				LD_RUNPATH_SEARCH_PATHS = (
					"$(inherited)",
					"@executable_path/Frameworks",
				);
				PRODUCT_BUNDLE_IDENTIFIER = Codepath.twitter;
				PRODUCT_NAME = "$(TARGET_NAME)";
				SWIFT_VERSION = 5.0;
				TARGETED_DEVICE_FAMILY = "1,2";
			};
			name = Release;
		};
		932C5808252FF34A00FAAFB6 /* Debug */ = {
			isa = XCBuildConfiguration;
			buildSettings = {
				ALWAYS_EMBED_SWIFT_STANDARD_LIBRARIES = YES;
				BUNDLE_LOADER = "$(TEST_HOST)";
				CODE_SIGN_STYLE = Automatic;
				INFOPLIST_FILE = twitterTests/Info.plist;
				IPHONEOS_DEPLOYMENT_TARGET = 14.0;
				LD_RUNPATH_SEARCH_PATHS = (
					"$(inherited)",
					"@executable_path/Frameworks",
					"@loader_path/Frameworks",
				);
				PRODUCT_BUNDLE_IDENTIFIER = Codepath.twitterTests;
				PRODUCT_NAME = "$(TARGET_NAME)";
				SWIFT_VERSION = 5.0;
				TARGETED_DEVICE_FAMILY = "1,2";
				TEST_HOST = "$(BUILT_PRODUCTS_DIR)/twitter.app/twitter";
			};
			name = Debug;
		};
		932C5809252FF34A00FAAFB6 /* Release */ = {
			isa = XCBuildConfiguration;
			buildSettings = {
				ALWAYS_EMBED_SWIFT_STANDARD_LIBRARIES = YES;
				BUNDLE_LOADER = "$(TEST_HOST)";
				CODE_SIGN_STYLE = Automatic;
				INFOPLIST_FILE = twitterTests/Info.plist;
				IPHONEOS_DEPLOYMENT_TARGET = 14.0;
				LD_RUNPATH_SEARCH_PATHS = (
					"$(inherited)",
					"@executable_path/Frameworks",
					"@loader_path/Frameworks",
				);
				PRODUCT_BUNDLE_IDENTIFIER = Codepath.twitterTests;
				PRODUCT_NAME = "$(TARGET_NAME)";
				SWIFT_VERSION = 5.0;
				TARGETED_DEVICE_FAMILY = "1,2";
				TEST_HOST = "$(BUILT_PRODUCTS_DIR)/twitter.app/twitter";
			};
			name = Release;
		};
		932C580B252FF34A00FAAFB6 /* Debug */ = {
			isa = XCBuildConfiguration;
			buildSettings = {
				ALWAYS_EMBED_SWIFT_STANDARD_LIBRARIES = YES;
				CODE_SIGN_STYLE = Automatic;
				INFOPLIST_FILE = twitterUITests/Info.plist;
				LD_RUNPATH_SEARCH_PATHS = (
					"$(inherited)",
					"@executable_path/Frameworks",
					"@loader_path/Frameworks",
				);
				PRODUCT_BUNDLE_IDENTIFIER = Codepath.twitterUITests;
				PRODUCT_NAME = "$(TARGET_NAME)";
				SWIFT_VERSION = 5.0;
				TARGETED_DEVICE_FAMILY = "1,2";
				TEST_TARGET_NAME = twitter;
			};
			name = Debug;
		};
		932C580C252FF34A00FAAFB6 /* Release */ = {
			isa = XCBuildConfiguration;
			buildSettings = {
				ALWAYS_EMBED_SWIFT_STANDARD_LIBRARIES = YES;
				CODE_SIGN_STYLE = Automatic;
				INFOPLIST_FILE = twitterUITests/Info.plist;
				LD_RUNPATH_SEARCH_PATHS = (
					"$(inherited)",
					"@executable_path/Frameworks",
					"@loader_path/Frameworks",
				);
				PRODUCT_BUNDLE_IDENTIFIER = Codepath.twitterUITests;
				PRODUCT_NAME = "$(TARGET_NAME)";
				SWIFT_VERSION = 5.0;
				TARGETED_DEVICE_FAMILY = "1,2";
				TEST_TARGET_NAME = twitter;
			};
			name = Release;
		};
/* End XCBuildConfiguration section */

/* Begin XCConfigurationList section */
		932C57D5252FF34700FAAFB6 /* Build configuration list for PBXProject "twitter" */ = {
			isa = XCConfigurationList;
			buildConfigurations = (
				932C5802252FF34A00FAAFB6 /* Debug */,
				932C5803252FF34A00FAAFB6 /* Release */,
			);
			defaultConfigurationIsVisible = 0;
			defaultConfigurationName = Release;
		};
		932C5804252FF34A00FAAFB6 /* Build configuration list for PBXNativeTarget "twitter" */ = {
			isa = XCConfigurationList;
			buildConfigurations = (
				932C5805252FF34A00FAAFB6 /* Debug */,
				932C5806252FF34A00FAAFB6 /* Release */,
			);
			defaultConfigurationIsVisible = 0;
			defaultConfigurationName = Release;
		};
		932C5807252FF34A00FAAFB6 /* Build configuration list for PBXNativeTarget "twitterTests" */ = {
			isa = XCConfigurationList;
			buildConfigurations = (
				932C5808252FF34A00FAAFB6 /* Debug */,
				932C5809252FF34A00FAAFB6 /* Release */,
			);
			defaultConfigurationIsVisible = 0;
			defaultConfigurationName = Release;
		};
		932C580A252FF34A00FAAFB6 /* Build configuration list for PBXNativeTarget "twitterUITests" */ = {
			isa = XCConfigurationList;
			buildConfigurations = (
				932C580B252FF34A00FAAFB6 /* Debug */,
				932C580C252FF34A00FAAFB6 /* Release */,
			);
			defaultConfigurationIsVisible = 0;
			defaultConfigurationName = Release;
		};
/* End XCConfigurationList section */
	};
	rootObject = 932C57D2252FF34700FAAFB6 /* Project object */;
}
